{
  "name": "bad-lambdas",
  "lockfileVersion": 3,
  "requires": true,
  "packages": {
    "": {
      "name": "bad-lambdas",
      "devDependencies": {
        "@aws-sdk/client-apigatewaymanagementapi": "3.515.0",
        "@types/aws-lambda": "8.10.137",
        "@types/node": "20.12.11"
      }
    },
    "node_modules/@aws-crypto/ie11-detection": {
      "version": "3.0.0",
      "dev": true,
      "license": "Apache-2.0",
      "dependencies": {
        "tslib": "^1.11.1"
      }
    },
    "node_modules/@aws-crypto/ie11-detection/node_modules/tslib": {
      "version": "1.14.1",
      "dev": true,
      "license": "0BSD"
    },
    "node_modules/@aws-crypto/sha256-browser": {
      "version": "3.0.0",
      "dev": true,
      "license": "Apache-2.0",
      "dependencies": {
        "@aws-crypto/ie11-detection": "^3.0.0",
        "@aws-crypto/sha256-js": "^3.0.0",
        "@aws-crypto/supports-web-crypto": "^3.0.0",
        "@aws-crypto/util": "^3.0.0",
        "@aws-sdk/types": "^3.222.0",
        "@aws-sdk/util-locate-window": "^3.0.0",
        "@aws-sdk/util-utf8-browser": "^3.0.0",
        "tslib": "^1.11.1"
      }
    },
    "node_modules/@aws-crypto/sha256-browser/node_modules/tslib": {
      "version": "1.14.1",
      "dev": true,
      "license": "0BSD"
    },
    "node_modules/@aws-crypto/sha256-js": {
      "version": "3.0.0",
      "dev": true,
      "license": "Apache-2.0",
      "dependencies": {
        "@aws-crypto/util": "^3.0.0",
        "@aws-sdk/types": "^3.222.0",
        "tslib": "^1.11.1"
      }
    },
    "node_modules/@aws-crypto/sha256-js/node_modules/tslib": {
      "version": "1.14.1",
      "dev": true,
      "license": "0BSD"
    },
    "node_modules/@aws-crypto/supports-web-crypto": {
      "version": "3.0.0",
      "dev": true,
      "license": "Apache-2.0",
      "dependencies": {
        "tslib": "^1.11.1"
      }
    },
    "node_modules/@aws-crypto/supports-web-crypto/node_modules/tslib": {
      "version": "1.14.1",
      "dev": true,
      "license": "0BSD"
    },
    "node_modules/@aws-crypto/util": {
      "version": "3.0.0",
      "dev": true,
      "license": "Apache-2.0",
      "dependencies": {
        "@aws-sdk/types": "^3.222.0",
        "@aws-sdk/util-utf8-browser": "^3.0.0",
        "tslib": "^1.11.1"
      }
    },
    "node_modules/@aws-crypto/util/node_modules/tslib": {
      "version": "1.14.1",
      "dev": true,
      "license": "0BSD"
    },
    "node_modules/@aws-sdk/client-apigatewaymanagementapi": {
      "version": "3.515.0",
      "resolved": "https://registry.npmjs.org/@aws-sdk/client-apigatewaymanagementapi/-/client-apigatewaymanagementapi-3.515.0.tgz",
      "integrity": "sha512-Bi63MH6zBJdYyzKLGobmTG/Y7X3LqQIkdNrr9DjLgt369xRJCEW7I8B5B9LQEgrJ+VxG9Uo1QaLz0DmVQQoq2Q==",
      "dev": true,
      "dependencies": {
        "@aws-crypto/sha256-browser": "3.0.0",
        "@aws-crypto/sha256-js": "3.0.0",
        "@aws-sdk/client-sts": "3.515.0",
        "@aws-sdk/core": "3.513.0",
        "@aws-sdk/credential-provider-node": "3.515.0",
        "@aws-sdk/middleware-host-header": "3.515.0",
        "@aws-sdk/middleware-logger": "3.515.0",
        "@aws-sdk/middleware-recursion-detection": "3.515.0",
        "@aws-sdk/middleware-user-agent": "3.515.0",
        "@aws-sdk/region-config-resolver": "3.515.0",
        "@aws-sdk/types": "3.515.0",
        "@aws-sdk/util-endpoints": "3.515.0",
        "@aws-sdk/util-user-agent-browser": "3.515.0",
        "@aws-sdk/util-user-agent-node": "3.515.0",
        "@smithy/config-resolver": "^2.1.1",
        "@smithy/core": "^1.3.2",
        "@smithy/fetch-http-handler": "^2.4.1",
        "@smithy/hash-node": "^2.1.1",
        "@smithy/invalid-dependency": "^2.1.1",
        "@smithy/middleware-content-length": "^2.1.1",
        "@smithy/middleware-endpoint": "^2.4.1",
        "@smithy/middleware-retry": "^2.1.1",
        "@smithy/middleware-serde": "^2.1.1",
        "@smithy/middleware-stack": "^2.1.1",
        "@smithy/node-config-provider": "^2.2.1",
        "@smithy/node-http-handler": "^2.3.1",
        "@smithy/protocol-http": "^3.1.1",
        "@smithy/smithy-client": "^2.3.1",
        "@smithy/types": "^2.9.1",
        "@smithy/url-parser": "^2.1.1",
        "@smithy/util-base64": "^2.1.1",
        "@smithy/util-body-length-browser": "^2.1.1",
        "@smithy/util-body-length-node": "^2.2.1",
        "@smithy/util-defaults-mode-browser": "^2.1.1",
        "@smithy/util-defaults-mode-node": "^2.2.0",
        "@smithy/util-endpoints": "^1.1.1",
        "@smithy/util-middleware": "^2.1.1",
        "@smithy/util-retry": "^2.1.1",
        "@smithy/util-utf8": "^2.1.1",
        "tslib": "^2.5.0"
      },
      "engines": {
        "node": ">=14.0.0"
      }
    },
    "node_modules/@aws-sdk/client-apigatewaymanagementapi/node_modules/@aws-sdk/client-sso": {
      "version": "3.515.0",
      "resolved": "https://registry.npmjs.org/@aws-sdk/client-sso/-/client-sso-3.515.0.tgz",
      "integrity": "sha512-4oGBLW476zmkdN98lAns3bObRNO+DLOfg4MDUSR6l6GYBV/zGAtoy2O/FhwYKgA2L5h2ZtElGopLlk/1Q0ePLw==",
      "dev": true,
      "dependencies": {
        "@aws-crypto/sha256-browser": "3.0.0",
        "@aws-crypto/sha256-js": "3.0.0",
        "@aws-sdk/core": "3.513.0",
        "@aws-sdk/middleware-host-header": "3.515.0",
        "@aws-sdk/middleware-logger": "3.515.0",
        "@aws-sdk/middleware-recursion-detection": "3.515.0",
        "@aws-sdk/middleware-user-agent": "3.515.0",
        "@aws-sdk/region-config-resolver": "3.515.0",
        "@aws-sdk/types": "3.515.0",
        "@aws-sdk/util-endpoints": "3.515.0",
        "@aws-sdk/util-user-agent-browser": "3.515.0",
        "@aws-sdk/util-user-agent-node": "3.515.0",
        "@smithy/config-resolver": "^2.1.1",
        "@smithy/core": "^1.3.2",
        "@smithy/fetch-http-handler": "^2.4.1",
        "@smithy/hash-node": "^2.1.1",
        "@smithy/invalid-dependency": "^2.1.1",
        "@smithy/middleware-content-length": "^2.1.1",
        "@smithy/middleware-endpoint": "^2.4.1",
        "@smithy/middleware-retry": "^2.1.1",
        "@smithy/middleware-serde": "^2.1.1",
        "@smithy/middleware-stack": "^2.1.1",
        "@smithy/node-config-provider": "^2.2.1",
        "@smithy/node-http-handler": "^2.3.1",
        "@smithy/protocol-http": "^3.1.1",
        "@smithy/smithy-client": "^2.3.1",
        "@smithy/types": "^2.9.1",
        "@smithy/url-parser": "^2.1.1",
        "@smithy/util-base64": "^2.1.1",
        "@smithy/util-body-length-browser": "^2.1.1",
        "@smithy/util-body-length-node": "^2.2.1",
        "@smithy/util-defaults-mode-browser": "^2.1.1",
        "@smithy/util-defaults-mode-node": "^2.2.0",
        "@smithy/util-endpoints": "^1.1.1",
        "@smithy/util-middleware": "^2.1.1",
        "@smithy/util-retry": "^2.1.1",
        "@smithy/util-utf8": "^2.1.1",
        "tslib": "^2.5.0"
      },
      "engines": {
        "node": ">=14.0.0"
      }
    },
    "node_modules/@aws-sdk/client-apigatewaymanagementapi/node_modules/@aws-sdk/client-sso-oidc": {
      "version": "3.515.0",
      "resolved": "https://registry.npmjs.org/@aws-sdk/client-sso-oidc/-/client-sso-oidc-3.515.0.tgz",
      "integrity": "sha512-zACa8LNlPUdlNUBqQRf5a3MfouLNtcBfm84v2c8M976DwJrMGONPe1QjyLLsD38uESQiXiVQRruj/b000iMXNw==",
      "dev": true,
      "dependencies": {
        "@aws-crypto/sha256-browser": "3.0.0",
        "@aws-crypto/sha256-js": "3.0.0",
        "@aws-sdk/client-sts": "3.515.0",
        "@aws-sdk/core": "3.513.0",
        "@aws-sdk/middleware-host-header": "3.515.0",
        "@aws-sdk/middleware-logger": "3.515.0",
        "@aws-sdk/middleware-recursion-detection": "3.515.0",
        "@aws-sdk/middleware-user-agent": "3.515.0",
        "@aws-sdk/region-config-resolver": "3.515.0",
        "@aws-sdk/types": "3.515.0",
        "@aws-sdk/util-endpoints": "3.515.0",
        "@aws-sdk/util-user-agent-browser": "3.515.0",
        "@aws-sdk/util-user-agent-node": "3.515.0",
        "@smithy/config-resolver": "^2.1.1",
        "@smithy/core": "^1.3.2",
        "@smithy/fetch-http-handler": "^2.4.1",
        "@smithy/hash-node": "^2.1.1",
        "@smithy/invalid-dependency": "^2.1.1",
        "@smithy/middleware-content-length": "^2.1.1",
        "@smithy/middleware-endpoint": "^2.4.1",
        "@smithy/middleware-retry": "^2.1.1",
        "@smithy/middleware-serde": "^2.1.1",
        "@smithy/middleware-stack": "^2.1.1",
        "@smithy/node-config-provider": "^2.2.1",
        "@smithy/node-http-handler": "^2.3.1",
        "@smithy/protocol-http": "^3.1.1",
        "@smithy/smithy-client": "^2.3.1",
        "@smithy/types": "^2.9.1",
        "@smithy/url-parser": "^2.1.1",
        "@smithy/util-base64": "^2.1.1",
        "@smithy/util-body-length-browser": "^2.1.1",
        "@smithy/util-body-length-node": "^2.2.1",
        "@smithy/util-defaults-mode-browser": "^2.1.1",
        "@smithy/util-defaults-mode-node": "^2.2.0",
        "@smithy/util-endpoints": "^1.1.1",
        "@smithy/util-middleware": "^2.1.1",
        "@smithy/util-retry": "^2.1.1",
        "@smithy/util-utf8": "^2.1.1",
        "tslib": "^2.5.0"
      },
      "engines": {
        "node": ">=14.0.0"
      },
      "peerDependencies": {
        "@aws-sdk/credential-provider-node": "^3.515.0"
      }
    },
    "node_modules/@aws-sdk/client-apigatewaymanagementapi/node_modules/@aws-sdk/client-sts": {
      "version": "3.515.0",
      "resolved": "https://registry.npmjs.org/@aws-sdk/client-sts/-/client-sts-3.515.0.tgz",
      "integrity": "sha512-ScYuvaIDgip3atOJIA1FU2n0gJkEdveu1KrrCPathoUCV5zpK8qQmO/n+Fj/7hKFxeKdFbB+4W4CsJWYH94nlg==",
      "dev": true,
      "dependencies": {
        "@aws-crypto/sha256-browser": "3.0.0",
        "@aws-crypto/sha256-js": "3.0.0",
        "@aws-sdk/core": "3.513.0",
        "@aws-sdk/middleware-host-header": "3.515.0",
        "@aws-sdk/middleware-logger": "3.515.0",
        "@aws-sdk/middleware-recursion-detection": "3.515.0",
        "@aws-sdk/middleware-user-agent": "3.515.0",
        "@aws-sdk/region-config-resolver": "3.515.0",
        "@aws-sdk/types": "3.515.0",
        "@aws-sdk/util-endpoints": "3.515.0",
        "@aws-sdk/util-user-agent-browser": "3.515.0",
        "@aws-sdk/util-user-agent-node": "3.515.0",
        "@smithy/config-resolver": "^2.1.1",
        "@smithy/core": "^1.3.2",
        "@smithy/fetch-http-handler": "^2.4.1",
        "@smithy/hash-node": "^2.1.1",
        "@smithy/invalid-dependency": "^2.1.1",
        "@smithy/middleware-content-length": "^2.1.1",
        "@smithy/middleware-endpoint": "^2.4.1",
        "@smithy/middleware-retry": "^2.1.1",
        "@smithy/middleware-serde": "^2.1.1",
        "@smithy/middleware-stack": "^2.1.1",
        "@smithy/node-config-provider": "^2.2.1",
        "@smithy/node-http-handler": "^2.3.1",
        "@smithy/protocol-http": "^3.1.1",
        "@smithy/smithy-client": "^2.3.1",
        "@smithy/types": "^2.9.1",
        "@smithy/url-parser": "^2.1.1",
        "@smithy/util-base64": "^2.1.1",
        "@smithy/util-body-length-browser": "^2.1.1",
        "@smithy/util-body-length-node": "^2.2.1",
        "@smithy/util-defaults-mode-browser": "^2.1.1",
        "@smithy/util-defaults-mode-node": "^2.2.0",
        "@smithy/util-endpoints": "^1.1.1",
        "@smithy/util-middleware": "^2.1.1",
        "@smithy/util-retry": "^2.1.1",
        "@smithy/util-utf8": "^2.1.1",
        "fast-xml-parser": "4.2.5",
        "tslib": "^2.5.0"
      },
      "engines": {
        "node": ">=14.0.0"
      },
      "peerDependencies": {
        "@aws-sdk/credential-provider-node": "^3.515.0"
      }
    },
    "node_modules/@aws-sdk/client-apigatewaymanagementapi/node_modules/@aws-sdk/core": {
      "version": "3.513.0",
      "resolved": "https://registry.npmjs.org/@aws-sdk/core/-/core-3.513.0.tgz",
      "integrity": "sha512-L+9DL4apWuqNKVOMJ8siAuWoRM9rZf9w1iPv8S2o83WO2jVK7E/m+rNW1dFo9HsA5V1ccDl2H2qLXx24HiHmOw==",
      "dev": true,
      "dependencies": {
        "@smithy/core": "^1.3.2",
        "@smithy/protocol-http": "^3.1.1",
        "@smithy/signature-v4": "^2.1.1",
        "@smithy/smithy-client": "^2.3.1",
        "@smithy/types": "^2.9.1",
        "tslib": "^2.5.0"
      },
      "engines": {
        "node": ">=14.0.0"
      }
    },
    "node_modules/@aws-sdk/client-apigatewaymanagementapi/node_modules/@aws-sdk/credential-provider-env": {
      "version": "3.515.0",
      "resolved": "https://registry.npmjs.org/@aws-sdk/credential-provider-env/-/credential-provider-env-3.515.0.tgz",
      "integrity": "sha512-45vxdyqhTAaUMERYVWOziG3K8L2TV9G4ryQS/KZ84o7NAybE9GMdoZRVmGHAO7mJJ1wQiYCM/E+i5b3NW9JfNA==",
      "dev": true,
      "dependencies": {
        "@aws-sdk/types": "3.515.0",
        "@smithy/property-provider": "^2.1.1",
        "@smithy/types": "^2.9.1",
        "tslib": "^2.5.0"
      },
      "engines": {
        "node": ">=14.0.0"
      }
    },
    "node_modules/@aws-sdk/client-apigatewaymanagementapi/node_modules/@aws-sdk/credential-provider-http": {
      "version": "3.515.0",
      "resolved": "https://registry.npmjs.org/@aws-sdk/credential-provider-http/-/credential-provider-http-3.515.0.tgz",
      "integrity": "sha512-Ba6FXK77vU4WyheiamNjEuTFmir0eAXuJGPO27lBaA8g+V/seXGHScsbOG14aQGDOr2P02OPwKGZrWWA7BFpfQ==",
      "dev": true,
      "dependencies": {
        "@aws-sdk/types": "3.515.0",
        "@smithy/fetch-http-handler": "^2.4.1",
        "@smithy/node-http-handler": "^2.3.1",
        "@smithy/property-provider": "^2.1.1",
        "@smithy/protocol-http": "^3.1.1",
        "@smithy/smithy-client": "^2.3.1",
        "@smithy/types": "^2.9.1",
        "@smithy/util-stream": "^2.1.1",
        "tslib": "^2.5.0"
      },
      "engines": {
        "node": ">=14.0.0"
      }
    },
    "node_modules/@aws-sdk/client-apigatewaymanagementapi/node_modules/@aws-sdk/credential-provider-ini": {
      "version": "3.515.0",
      "resolved": "https://registry.npmjs.org/@aws-sdk/credential-provider-ini/-/credential-provider-ini-3.515.0.tgz",
      "integrity": "sha512-ouDlNZdv2TKeVEA/YZk2+XklTXyAAGdbWnl4IgN9ItaodWI+lZjdIoNC8BAooVH+atIV/cZgoGTGQL7j2TxJ9A==",
      "dev": true,
      "dependencies": {
        "@aws-sdk/client-sts": "3.515.0",
        "@aws-sdk/credential-provider-env": "3.515.0",
        "@aws-sdk/credential-provider-process": "3.515.0",
        "@aws-sdk/credential-provider-sso": "3.515.0",
        "@aws-sdk/credential-provider-web-identity": "3.515.0",
        "@aws-sdk/types": "3.515.0",
        "@smithy/credential-provider-imds": "^2.2.1",
        "@smithy/property-provider": "^2.1.1",
        "@smithy/shared-ini-file-loader": "^2.3.1",
        "@smithy/types": "^2.9.1",
        "tslib": "^2.5.0"
      },
      "engines": {
        "node": ">=14.0.0"
      }
    },
    "node_modules/@aws-sdk/client-apigatewaymanagementapi/node_modules/@aws-sdk/credential-provider-node": {
      "version": "3.515.0",
      "resolved": "https://registry.npmjs.org/@aws-sdk/credential-provider-node/-/credential-provider-node-3.515.0.tgz",
      "integrity": "sha512-Y4kHSpbxksiCZZNcvsiKUd8Fb2XlyUuONEwqWFNL82ZH6TCCjBGS31wJQCSxBHqYcOL3tiORUEJkoO7uS30uQA==",
      "dev": true,
      "dependencies": {
        "@aws-sdk/credential-provider-env": "3.515.0",
        "@aws-sdk/credential-provider-http": "3.515.0",
        "@aws-sdk/credential-provider-ini": "3.515.0",
        "@aws-sdk/credential-provider-process": "3.515.0",
        "@aws-sdk/credential-provider-sso": "3.515.0",
        "@aws-sdk/credential-provider-web-identity": "3.515.0",
        "@aws-sdk/types": "3.515.0",
        "@smithy/credential-provider-imds": "^2.2.1",
        "@smithy/property-provider": "^2.1.1",
        "@smithy/shared-ini-file-loader": "^2.3.1",
        "@smithy/types": "^2.9.1",
        "tslib": "^2.5.0"
      },
      "engines": {
        "node": ">=14.0.0"
      }
    },
    "node_modules/@aws-sdk/client-apigatewaymanagementapi/node_modules/@aws-sdk/credential-provider-process": {
      "version": "3.515.0",
      "resolved": "https://registry.npmjs.org/@aws-sdk/credential-provider-process/-/credential-provider-process-3.515.0.tgz",
      "integrity": "sha512-pSjiOA2FM63LHRKNDvEpBRp80FVGT0Mw/gzgbqFXP+sewk0WVonYbEcMDTJptH3VsLPGzqH/DQ1YL/aEIBuXFQ==",
      "dev": true,
      "dependencies": {
        "@aws-sdk/types": "3.515.0",
        "@smithy/property-provider": "^2.1.1",
        "@smithy/shared-ini-file-loader": "^2.3.1",
        "@smithy/types": "^2.9.1",
        "tslib": "^2.5.0"
      },
      "engines": {
        "node": ">=14.0.0"
      }
    },
    "node_modules/@aws-sdk/client-apigatewaymanagementapi/node_modules/@aws-sdk/credential-provider-sso": {
      "version": "3.515.0",
      "resolved": "https://registry.npmjs.org/@aws-sdk/credential-provider-sso/-/credential-provider-sso-3.515.0.tgz",
      "integrity": "sha512-j7vUkiSmuhpBvZYoPTRTI4ePnQbiZMFl6TNhg9b9DprC1zHkucsZnhRhqjOVlrw/H6J4jmcPGcHHTZ5WQNI5xQ==",
      "dev": true,
      "dependencies": {
        "@aws-sdk/client-sso": "3.515.0",
        "@aws-sdk/token-providers": "3.515.0",
        "@aws-sdk/types": "3.515.0",
        "@smithy/property-provider": "^2.1.1",
        "@smithy/shared-ini-file-loader": "^2.3.1",
        "@smithy/types": "^2.9.1",
        "tslib": "^2.5.0"
      },
      "engines": {
        "node": ">=14.0.0"
      }
    },
    "node_modules/@aws-sdk/client-apigatewaymanagementapi/node_modules/@aws-sdk/credential-provider-web-identity": {
      "version": "3.515.0",
      "resolved": "https://registry.npmjs.org/@aws-sdk/credential-provider-web-identity/-/credential-provider-web-identity-3.515.0.tgz",
      "integrity": "sha512-66+2g4z3fWwdoGReY8aUHvm6JrKZMTRxjuizljVmMyOBttKPeBYXvUTop/g3ZGUx1f8j+C5qsGK52viYBvtjuQ==",
      "dev": true,
      "dependencies": {
        "@aws-sdk/client-sts": "3.515.0",
        "@aws-sdk/types": "3.515.0",
        "@smithy/property-provider": "^2.1.1",
        "@smithy/types": "^2.9.1",
        "tslib": "^2.5.0"
      },
      "engines": {
        "node": ">=14.0.0"
      }
    },
    "node_modules/@aws-sdk/client-apigatewaymanagementapi/node_modules/@aws-sdk/middleware-host-header": {
      "version": "3.515.0",
      "resolved": "https://registry.npmjs.org/@aws-sdk/middleware-host-header/-/middleware-host-header-3.515.0.tgz",
      "integrity": "sha512-I1MwWPzdRKM1luvdDdjdGsDjNVPhj9zaIytEchjTY40NcKOg+p2evLD2y69ozzg8pyXK63r8DdvDGOo9QPuh0A==",
      "dev": true,
      "dependencies": {
        "@aws-sdk/types": "3.515.0",
        "@smithy/protocol-http": "^3.1.1",
        "@smithy/types": "^2.9.1",
        "tslib": "^2.5.0"
      },
      "engines": {
        "node": ">=14.0.0"
      }
    },
    "node_modules/@aws-sdk/client-apigatewaymanagementapi/node_modules/@aws-sdk/middleware-logger": {
      "version": "3.515.0",
      "resolved": "https://registry.npmjs.org/@aws-sdk/middleware-logger/-/middleware-logger-3.515.0.tgz",
      "integrity": "sha512-qXomJzg2m/5seQOxHi/yOXOKfSjwrrJSmEmfwJKJyQgdMbBcjz3Cz0H/1LyC6c5hHm6a/SZgSTzDAbAoUmyL+Q==",
      "dev": true,
      "dependencies": {
        "@aws-sdk/types": "3.515.0",
        "@smithy/types": "^2.9.1",
        "tslib": "^2.5.0"
      },
      "engines": {
        "node": ">=14.0.0"
      }
    },
    "node_modules/@aws-sdk/client-apigatewaymanagementapi/node_modules/@aws-sdk/middleware-recursion-detection": {
      "version": "3.515.0",
      "resolved": "https://registry.npmjs.org/@aws-sdk/middleware-recursion-detection/-/middleware-recursion-detection-3.515.0.tgz",
      "integrity": "sha512-dokHLbTV3IHRIBrw9mGoxcNTnQsjlm7TpkJhPdGT9T4Mq399EyQo51u6IsVMm07RXLl2Zw7u+u9p+qWBFzmFRA==",
      "dev": true,
      "dependencies": {
        "@aws-sdk/types": "3.515.0",
        "@smithy/protocol-http": "^3.1.1",
        "@smithy/types": "^2.9.1",
        "tslib": "^2.5.0"
      },
      "engines": {
        "node": ">=14.0.0"
      }
    },
    "node_modules/@aws-sdk/client-apigatewaymanagementapi/node_modules/@aws-sdk/middleware-user-agent": {
      "version": "3.515.0",
      "resolved": "https://registry.npmjs.org/@aws-sdk/middleware-user-agent/-/middleware-user-agent-3.515.0.tgz",
      "integrity": "sha512-nOqZjGA/GkjuJ5fUshec9Fv6HFd7ovOTxMJbw3MfAhqXuVZ6dKF41lpVJ4imNsgyFt3shUg9WDY8zGFjlYMB3g==",
      "dev": true,
      "dependencies": {
        "@aws-sdk/types": "3.515.0",
        "@aws-sdk/util-endpoints": "3.515.0",
        "@smithy/protocol-http": "^3.1.1",
        "@smithy/types": "^2.9.1",
        "tslib": "^2.5.0"
      },
      "engines": {
        "node": ">=14.0.0"
      }
    },
    "node_modules/@aws-sdk/client-apigatewaymanagementapi/node_modules/@aws-sdk/region-config-resolver": {
      "version": "3.515.0",
      "resolved": "https://registry.npmjs.org/@aws-sdk/region-config-resolver/-/region-config-resolver-3.515.0.tgz",
      "integrity": "sha512-RIRx9loxMgEAc/r1wPfnfShOuzn4RBi8pPPv6/jhhITEeMnJe6enAh2k5y9DdiVDDgCWZgVFSv0YkAIfzAFsnQ==",
      "dev": true,
      "dependencies": {
        "@aws-sdk/types": "3.515.0",
        "@smithy/node-config-provider": "^2.2.1",
        "@smithy/types": "^2.9.1",
        "@smithy/util-config-provider": "^2.2.1",
        "@smithy/util-middleware": "^2.1.1",
        "tslib": "^2.5.0"
      },
      "engines": {
        "node": ">=14.0.0"
      }
    },
    "node_modules/@aws-sdk/client-apigatewaymanagementapi/node_modules/@aws-sdk/token-providers": {
      "version": "3.515.0",
      "resolved": "https://registry.npmjs.org/@aws-sdk/token-providers/-/token-providers-3.515.0.tgz",
      "integrity": "sha512-MQuf04rIcTXqwDzmyHSpFPF1fKEzRl64oXtCRUF3ddxTdK6wxXkePfK6wNCuL+GEbEcJAoCtIGIRpzGPJvQjHA==",
      "dev": true,
      "dependencies": {
        "@aws-sdk/client-sso-oidc": "3.515.0",
        "@aws-sdk/types": "3.515.0",
        "@smithy/property-provider": "^2.1.1",
        "@smithy/shared-ini-file-loader": "^2.3.1",
        "@smithy/types": "^2.9.1",
        "tslib": "^2.5.0"
      },
      "engines": {
        "node": ">=14.0.0"
      }
    },
    "node_modules/@aws-sdk/client-apigatewaymanagementapi/node_modules/@aws-sdk/types": {
      "version": "3.515.0",
      "resolved": "https://registry.npmjs.org/@aws-sdk/types/-/types-3.515.0.tgz",
      "integrity": "sha512-B3gUpiMlpT6ERaLvZZ61D0RyrQPsFYDkCncLPVkZOKkCOoFU46zi1o6T5JcYiz8vkx1q9RGloQ5exh79s5pU/w==",
      "dev": true,
      "dependencies": {
        "@smithy/types": "^2.9.1",
        "tslib": "^2.5.0"
      },
      "engines": {
        "node": ">=14.0.0"
      }
    },
    "node_modules/@aws-sdk/client-apigatewaymanagementapi/node_modules/@aws-sdk/util-endpoints": {
      "version": "3.515.0",
      "resolved": "https://registry.npmjs.org/@aws-sdk/util-endpoints/-/util-endpoints-3.515.0.tgz",
      "integrity": "sha512-UJi+jdwcGFV/F7d3+e2aQn5yZOVpDiAgfgNhPnEtgV0WozJ5/ZUeZBgWvSc/K415N4A4D/9cbBc7+I+35qzcDQ==",
      "dev": true,
      "dependencies": {
        "@aws-sdk/types": "3.515.0",
        "@smithy/types": "^2.9.1",
        "@smithy/util-endpoints": "^1.1.1",
        "tslib": "^2.5.0"
      },
      "engines": {
        "node": ">=14.0.0"
      }
    },
    "node_modules/@aws-sdk/client-apigatewaymanagementapi/node_modules/@aws-sdk/util-user-agent-browser": {
      "version": "3.515.0",
      "resolved": "https://registry.npmjs.org/@aws-sdk/util-user-agent-browser/-/util-user-agent-browser-3.515.0.tgz",
      "integrity": "sha512-pTWQb0JCafTmLHLDv3Qqs/nAAJghcPdGQIBpsCStb0YEzg3At/dOi2AIQ683yYnXmeOxLXJDzmlsovfVObJScw==",
      "dev": true,
      "dependencies": {
        "@aws-sdk/types": "3.515.0",
        "@smithy/types": "^2.9.1",
        "bowser": "^2.11.0",
        "tslib": "^2.5.0"
      }
    },
    "node_modules/@aws-sdk/client-apigatewaymanagementapi/node_modules/@aws-sdk/util-user-agent-node": {
      "version": "3.515.0",
      "resolved": "https://registry.npmjs.org/@aws-sdk/util-user-agent-node/-/util-user-agent-node-3.515.0.tgz",
      "integrity": "sha512-A/KJ+/HTohHyVXLH+t/bO0Z2mPrQgELbQO8tX+B2nElo8uklj70r5cT7F8ETsI9oOy+HDVpiL5/v45ZgpUOiPg==",
      "dev": true,
      "dependencies": {
        "@aws-sdk/types": "3.515.0",
        "@smithy/node-config-provider": "^2.2.1",
        "@smithy/types": "^2.9.1",
        "tslib": "^2.5.0"
      },
      "engines": {
        "node": ">=14.0.0"
      },
      "peerDependencies": {
        "aws-crt": ">=1.0.0"
      },
      "peerDependenciesMeta": {
        "aws-crt": {
          "optional": true
        }
      }
    },
    "node_modules/@aws-sdk/types": {
      "version": "3.567.0",
      "dev": true,
      "license": "Apache-2.0",
      "dependencies": {
        "@smithy/types": "^2.12.0",
        "tslib": "^2.6.2"
      },
      "engines": {
        "node": ">=16.0.0"
      }
    },
    "node_modules/@aws-sdk/util-locate-window": {
      "version": "3.568.0",
      "dev": true,
      "license": "Apache-2.0",
      "dependencies": {
        "tslib": "^2.6.2"
      },
      "engines": {
        "node": ">=16.0.0"
      }
    },
    "node_modules/@aws-sdk/util-utf8-browser": {
      "version": "3.259.0",
      "dev": true,
      "license": "Apache-2.0",
      "dependencies": {
        "tslib": "^2.3.1"
      }
    },
    "node_modules/@smithy/abort-controller": {
      "version": "2.2.0",
      "dev": true,
      "license": "Apache-2.0",
      "dependencies": {
        "@smithy/types": "^2.12.0",
        "tslib": "^2.6.2"
      },
      "engines": {
        "node": ">=14.0.0"
      }
    },
    "node_modules/@smithy/config-resolver": {
      "version": "2.2.0",
      "dev": true,
      "license": "Apache-2.0",
      "dependencies": {
        "@smithy/node-config-provider": "^2.3.0",
        "@smithy/types": "^2.12.0",
        "@smithy/util-config-provider": "^2.3.0",
        "@smithy/util-middleware": "^2.2.0",
        "tslib": "^2.6.2"
      },
      "engines": {
        "node": ">=14.0.0"
      }
    },
    "node_modules/@smithy/core": {
      "version": "1.4.2",
      "dev": true,
      "license": "Apache-2.0",
      "dependencies": {
        "@smithy/middleware-endpoint": "^2.5.1",
        "@smithy/middleware-retry": "^2.3.1",
        "@smithy/middleware-serde": "^2.3.0",
        "@smithy/protocol-http": "^3.3.0",
        "@smithy/smithy-client": "^2.5.1",
        "@smithy/types": "^2.12.0",
        "@smithy/util-middleware": "^2.2.0",
        "tslib": "^2.6.2"
      },
      "engines": {
        "node": ">=14.0.0"
      }
    },
    "node_modules/@smithy/credential-provider-imds": {
      "version": "2.3.0",
      "dev": true,
      "license": "Apache-2.0",
      "dependencies": {
        "@smithy/node-config-provider": "^2.3.0",
        "@smithy/property-provider": "^2.2.0",
        "@smithy/types": "^2.12.0",
        "@smithy/url-parser": "^2.2.0",
        "tslib": "^2.6.2"
      },
      "engines": {
        "node": ">=14.0.0"
      }
    },
    "node_modules/@smithy/fetch-http-handler": {
      "version": "2.5.0",
      "dev": true,
      "license": "Apache-2.0",
      "dependencies": {
        "@smithy/protocol-http": "^3.3.0",
        "@smithy/querystring-builder": "^2.2.0",
        "@smithy/types": "^2.12.0",
        "@smithy/util-base64": "^2.3.0",
        "tslib": "^2.6.2"
      }
    },
    "node_modules/@smithy/hash-node": {
      "version": "2.2.0",
      "dev": true,
      "license": "Apache-2.0",
      "dependencies": {
        "@smithy/types": "^2.12.0",
        "@smithy/util-buffer-from": "^2.2.0",
        "@smithy/util-utf8": "^2.3.0",
        "tslib": "^2.6.2"
      },
      "engines": {
        "node": ">=14.0.0"
      }
    },
    "node_modules/@smithy/invalid-dependency": {
      "version": "2.2.0",
      "dev": true,
      "license": "Apache-2.0",
      "dependencies": {
        "@smithy/types": "^2.12.0",
        "tslib": "^2.6.2"
      }
    },
    "node_modules/@smithy/is-array-buffer": {
      "version": "2.2.0",
      "dev": true,
      "license": "Apache-2.0",
      "dependencies": {
        "tslib": "^2.6.2"
      },
      "engines": {
        "node": ">=14.0.0"
      }
    },
    "node_modules/@smithy/middleware-content-length": {
      "version": "2.2.0",
      "dev": true,
      "license": "Apache-2.0",
      "dependencies": {
        "@smithy/protocol-http": "^3.3.0",
        "@smithy/types": "^2.12.0",
        "tslib": "^2.6.2"
      },
      "engines": {
        "node": ">=14.0.0"
      }
    },
    "node_modules/@smithy/middleware-endpoint": {
      "version": "2.5.1",
      "dev": true,
      "license": "Apache-2.0",
      "dependencies": {
        "@smithy/middleware-serde": "^2.3.0",
        "@smithy/node-config-provider": "^2.3.0",
        "@smithy/shared-ini-file-loader": "^2.4.0",
        "@smithy/types": "^2.12.0",
        "@smithy/url-parser": "^2.2.0",
        "@smithy/util-middleware": "^2.2.0",
        "tslib": "^2.6.2"
      },
      "engines": {
        "node": ">=14.0.0"
      }
    },
    "node_modules/@smithy/middleware-retry": {
      "version": "2.3.1",
      "dev": true,
      "license": "Apache-2.0",
      "dependencies": {
        "@smithy/node-config-provider": "^2.3.0",
        "@smithy/protocol-http": "^3.3.0",
        "@smithy/service-error-classification": "^2.1.5",
        "@smithy/smithy-client": "^2.5.1",
        "@smithy/types": "^2.12.0",
        "@smithy/util-middleware": "^2.2.0",
        "@smithy/util-retry": "^2.2.0",
        "tslib": "^2.6.2",
        "uuid": "^9.0.1"
      },
      "engines": {
        "node": ">=14.0.0"
      }
    },
    "node_modules/@smithy/middleware-serde": {
      "version": "2.3.0",
      "dev": true,
      "license": "Apache-2.0",
      "dependencies": {
        "@smithy/types": "^2.12.0",
        "tslib": "^2.6.2"
      },
      "engines": {
        "node": ">=14.0.0"
      }
    },
    "node_modules/@smithy/middleware-stack": {
      "version": "2.2.0",
      "dev": true,
      "license": "Apache-2.0",
      "dependencies": {
        "@smithy/types": "^2.12.0",
        "tslib": "^2.6.2"
      },
      "engines": {
        "node": ">=14.0.0"
      }
    },
    "node_modules/@smithy/node-config-provider": {
      "version": "2.3.0",
      "dev": true,
      "license": "Apache-2.0",
      "dependencies": {
        "@smithy/property-provider": "^2.2.0",
        "@smithy/shared-ini-file-loader": "^2.4.0",
        "@smithy/types": "^2.12.0",
        "tslib": "^2.6.2"
      },
      "engines": {
        "node": ">=14.0.0"
      }
    },
    "node_modules/@smithy/node-http-handler": {
      "version": "2.5.0",
      "dev": true,
      "license": "Apache-2.0",
      "dependencies": {
        "@smithy/abort-controller": "^2.2.0",
        "@smithy/protocol-http": "^3.3.0",
        "@smithy/querystring-builder": "^2.2.0",
        "@smithy/types": "^2.12.0",
        "tslib": "^2.6.2"
      },
      "engines": {
        "node": ">=14.0.0"
      }
    },
    "node_modules/@smithy/property-provider": {
      "version": "2.2.0",
      "dev": true,
      "license": "Apache-2.0",
      "dependencies": {
        "@smithy/types": "^2.12.0",
        "tslib": "^2.6.2"
      },
      "engines": {
        "node": ">=14.0.0"
      }
    },
    "node_modules/@smithy/protocol-http": {
      "version": "3.3.0",
      "dev": true,
      "license": "Apache-2.0",
      "dependencies": {
        "@smithy/types": "^2.12.0",
        "tslib": "^2.6.2"
      },
      "engines": {
        "node": ">=14.0.0"
      }
    },
    "node_modules/@smithy/querystring-builder": {
      "version": "2.2.0",
      "dev": true,
      "license": "Apache-2.0",
      "dependencies": {
        "@smithy/types": "^2.12.0",
        "@smithy/util-uri-escape": "^2.2.0",
        "tslib": "^2.6.2"
      },
      "engines": {
        "node": ">=14.0.0"
      }
    },
    "node_modules/@smithy/querystring-parser": {
      "version": "2.2.0",
      "dev": true,
      "license": "Apache-2.0",
      "dependencies": {
        "@smithy/types": "^2.12.0",
        "tslib": "^2.6.2"
      },
      "engines": {
        "node": ">=14.0.0"
      }
    },
    "node_modules/@smithy/service-error-classification": {
      "version": "2.1.5",
      "dev": true,
      "license": "Apache-2.0",
      "dependencies": {
        "@smithy/types": "^2.12.0"
      },
      "engines": {
        "node": ">=14.0.0"
      }
    },
    "node_modules/@smithy/shared-ini-file-loader": {
      "version": "2.4.0",
      "dev": true,
      "license": "Apache-2.0",
      "dependencies": {
        "@smithy/types": "^2.12.0",
        "tslib": "^2.6.2"
      },
      "engines": {
        "node": ">=14.0.0"
      }
    },
    "node_modules/@smithy/signature-v4": {
      "version": "2.3.0",
      "dev": true,
      "license": "Apache-2.0",
      "dependencies": {
        "@smithy/is-array-buffer": "^2.2.0",
        "@smithy/types": "^2.12.0",
        "@smithy/util-hex-encoding": "^2.2.0",
        "@smithy/util-middleware": "^2.2.0",
        "@smithy/util-uri-escape": "^2.2.0",
        "@smithy/util-utf8": "^2.3.0",
        "tslib": "^2.6.2"
      },
      "engines": {
        "node": ">=14.0.0"
      }
    },
    "node_modules/@smithy/smithy-client": {
      "version": "2.5.1",
      "dev": true,
      "license": "Apache-2.0",
      "dependencies": {
        "@smithy/middleware-endpoint": "^2.5.1",
        "@smithy/middleware-stack": "^2.2.0",
        "@smithy/protocol-http": "^3.3.0",
        "@smithy/types": "^2.12.0",
        "@smithy/util-stream": "^2.2.0",
        "tslib": "^2.6.2"
      },
      "engines": {
        "node": ">=14.0.0"
      }
    },
    "node_modules/@smithy/types": {
      "version": "2.12.0",
      "dev": true,
      "license": "Apache-2.0",
      "dependencies": {
        "tslib": "^2.6.2"
      },
      "engines": {
        "node": ">=14.0.0"
      }
    },
    "node_modules/@smithy/url-parser": {
      "version": "2.2.0",
      "dev": true,
      "license": "Apache-2.0",
      "dependencies": {
        "@smithy/querystring-parser": "^2.2.0",
        "@smithy/types": "^2.12.0",
        "tslib": "^2.6.2"
      }
    },
    "node_modules/@smithy/util-base64": {
      "version": "2.3.0",
      "dev": true,
      "license": "Apache-2.0",
      "dependencies": {
        "@smithy/util-buffer-from": "^2.2.0",
        "@smithy/util-utf8": "^2.3.0",
        "tslib": "^2.6.2"
      },
      "engines": {
        "node": ">=14.0.0"
      }
    },
    "node_modules/@smithy/util-body-length-browser": {
      "version": "2.2.0",
      "dev": true,
      "license": "Apache-2.0",
      "dependencies": {
        "tslib": "^2.6.2"
      }
    },
    "node_modules/@smithy/util-body-length-node": {
      "version": "2.3.0",
      "dev": true,
      "license": "Apache-2.0",
      "dependencies": {
        "tslib": "^2.6.2"
      },
      "engines": {
        "node": ">=14.0.0"
      }
    },
    "node_modules/@smithy/util-buffer-from": {
      "version": "2.2.0",
      "dev": true,
      "license": "Apache-2.0",
      "dependencies": {
        "@smithy/is-array-buffer": "^2.2.0",
        "tslib": "^2.6.2"
      },
      "engines": {
        "node": ">=14.0.0"
      }
    },
    "node_modules/@smithy/util-config-provider": {
      "version": "2.3.0",
      "dev": true,
      "license": "Apache-2.0",
      "dependencies": {
        "tslib": "^2.6.2"
      },
      "engines": {
        "node": ">=14.0.0"
      }
    },
    "node_modules/@smithy/util-defaults-mode-browser": {
      "version": "2.2.1",
      "dev": true,
      "license": "Apache-2.0",
      "dependencies": {
        "@smithy/property-provider": "^2.2.0",
        "@smithy/smithy-client": "^2.5.1",
        "@smithy/types": "^2.12.0",
        "bowser": "^2.11.0",
        "tslib": "^2.6.2"
      },
      "engines": {
        "node": ">= 10.0.0"
      }
    },
    "node_modules/@smithy/util-defaults-mode-node": {
      "version": "2.3.1",
      "dev": true,
      "license": "Apache-2.0",
      "dependencies": {
        "@smithy/config-resolver": "^2.2.0",
        "@smithy/credential-provider-imds": "^2.3.0",
        "@smithy/node-config-provider": "^2.3.0",
        "@smithy/property-provider": "^2.2.0",
        "@smithy/smithy-client": "^2.5.1",
        "@smithy/types": "^2.12.0",
        "tslib": "^2.6.2"
      },
      "engines": {
        "node": ">= 10.0.0"
      }
    },
    "node_modules/@smithy/util-endpoints": {
      "version": "1.2.0",
      "dev": true,
      "license": "Apache-2.0",
      "dependencies": {
        "@smithy/node-config-provider": "^2.3.0",
        "@smithy/types": "^2.12.0",
        "tslib": "^2.6.2"
      },
      "engines": {
        "node": ">= 14.0.0"
      }
    },
    "node_modules/@smithy/util-hex-encoding": {
      "version": "2.2.0",
      "dev": true,
      "license": "Apache-2.0",
      "dependencies": {
        "tslib": "^2.6.2"
      },
      "engines": {
        "node": ">=14.0.0"
      }
    },
    "node_modules/@smithy/util-middleware": {
      "version": "2.2.0",
      "dev": true,
      "license": "Apache-2.0",
      "dependencies": {
        "@smithy/types": "^2.12.0",
        "tslib": "^2.6.2"
      },
      "engines": {
        "node": ">=14.0.0"
      }
    },
    "node_modules/@smithy/util-retry": {
      "version": "2.2.0",
      "dev": true,
      "license": "Apache-2.0",
      "dependencies": {
        "@smithy/service-error-classification": "^2.1.5",
        "@smithy/types": "^2.12.0",
        "tslib": "^2.6.2"
      },
      "engines": {
        "node": ">= 14.0.0"
      }
    },
    "node_modules/@smithy/util-stream": {
      "version": "2.2.0",
      "dev": true,
      "license": "Apache-2.0",
      "dependencies": {
        "@smithy/fetch-http-handler": "^2.5.0",
        "@smithy/node-http-handler": "^2.5.0",
        "@smithy/types": "^2.12.0",
        "@smithy/util-base64": "^2.3.0",
        "@smithy/util-buffer-from": "^2.2.0",
        "@smithy/util-hex-encoding": "^2.2.0",
        "@smithy/util-utf8": "^2.3.0",
        "tslib": "^2.6.2"
      },
      "engines": {
        "node": ">=14.0.0"
      }
    },
    "node_modules/@smithy/util-uri-escape": {
      "version": "2.2.0",
      "dev": true,
      "license": "Apache-2.0",
      "dependencies": {
        "tslib": "^2.6.2"
      },
      "engines": {
        "node": ">=14.0.0"
      }
    },
    "node_modules/@smithy/util-utf8": {
      "version": "2.3.0",
      "dev": true,
      "license": "Apache-2.0",
      "dependencies": {
        "@smithy/util-buffer-from": "^2.2.0",
        "tslib": "^2.6.2"
      },
      "engines": {
        "node": ">=14.0.0"
      }
    },
    "node_modules/@types/aws-lambda": {
      "version": "8.10.137",
      "dev": true,
      "license": "MIT"
    },
    "node_modules/@types/node": {
      "version": "20.12.11",
      "dev": true,
      "license": "MIT",
      "dependencies": {
        "undici-types": "~5.26.4"
      }
    },
    "node_modules/bowser": {
      "version": "2.11.0",
      "dev": true,
      "license": "MIT"
    },
    "node_modules/fast-xml-parser": {
      "version": "4.2.5",
      "dev": true,
      "funding": [
        {
          "type": "paypal",
          "url": "https://paypal.me/naturalintelligence"
        },
        {
          "type": "github",
          "url": "https://github.com/sponsors/NaturalIntelligence"
        }
      ],
      "license": "MIT",
      "dependencies": {
        "strnum": "^1.0.5"
      },
      "bin": {
        "fxparser": "src/cli/cli.js"
      }
    },
    "node_modules/strnum": {
      "version": "1.0.5",
      "dev": true,
      "license": "MIT"
    },
    "node_modules/tslib": {
      "version": "2.6.2",
      "dev": true,
      "license": "0BSD"
    },
    "node_modules/undici-types": {
      "version": "5.26.5",
      "dev": true,
      "license": "MIT"
    },
    "node_modules/uuid": {
      "version": "9.0.1",
      "dev": true,
      "funding": [
        "https://github.com/sponsors/broofa",
        "https://github.com/sponsors/ctavan"
      ],
      "license": "MIT",
      "bin": {
        "uuid": "dist/bin/uuid"
      }
    }
  }
}
